
Microsoft Visual Studio Solution File, Format Version 12.00
# Visual Studio Version 17
VisualStudioVersion = 17.7.34031.279
MinimumVisualStudioVersion = 10.0.40219.1
Project("{9A19103F-16F7-4668-BE54-9A1E7A4F7556}") = "Restaurant Orders", "Restaurant Orders\Restaurant Orders.csproj", "{E6162EB0-EE97-4340-A407-DE97250308F6}"
EndProject
Project("{2150E333-8FDC-42A3-9474-1A3956D46DE8}") = "Solution Items", "Solution Items", "{94925115-7D21-4928-8ACE-24A3F88B4697}"
	ProjectSection(SolutionItems) = preProject
		README.md = README.md
	EndProjectSection
EndProject
Project("{9A19103F-16F7-4668-BE54-9A1E7A4F7556}") = "RestaurantOrder.Data", "RestaurantOrder.Data\RestaurantOrder.Data.csproj", "{43EBC216-58CE-4FD0-84D7-FFC2ECBD2972}"
EndProject
Project("{9A19103F-16F7-4668-BE54-9A1E7A4F7556}") = "RestaurantOrder.Core", "RestaurantOrder.Core\RestaurantOrder.Core.csproj", "{14B69064-B67E-4FBA-AD55-972F851BBE5C}"
EndProject
Project("{FAE04EC0-301F-11D3-BF4B-00C04F79EFBC}") = "RestaurantOrder.All.Tests", "RestaurantOrder.All.Tests\RestaurantOrder.All.Tests.csproj", "{441AC5F7-429E-4047-90DD-D2F0892EE21F}"
EndProject
Global
	GlobalSection(SolutionConfigurationPlatforms) = preSolution
		Debug|Any CPU = Debug|Any CPU
		Release|Any CPU = Release|Any CPU
	EndGlobalSection
	GlobalSection(ProjectConfigurationPlatforms) = postSolution
		{E6162EB0-EE97-4340-A407-DE97250308F6}.Debug|Any CPU.ActiveCfg = Debug|Any CPU
		{E6162EB0-EE97-4340-A407-DE97250308F6}.Debug|Any CPU.Build.0 = Debug|Any CPU
		{E6162EB0-EE97-4340-A407-DE97250308F6}.Release|Any CPU.ActiveCfg = Release|Any CPU
		{E6162EB0-EE97-4340-A407-DE97250308F6}.Release|Any CPU.Build.0 = Release|Any CPU
		{43EBC216-58CE-4FD0-84D7-FFC2ECBD2972}.Debug|Any CPU.ActiveCfg = Debug|Any CPU
		{43EBC216-58CE-4FD0-84D7-FFC2ECBD2972}.Debug|Any CPU.Build.0 = Debug|Any CPU
		{43EBC216-58CE-4FD0-84D7-FFC2ECBD2972}.Release|Any CPU.ActiveCfg = Release|Any CPU
		{43EBC216-58CE-4FD0-84D7-FFC2ECBD2972}.Release|Any CPU.Build.0 = Release|Any CPU
		{14B69064-B67E-4FBA-AD55-972F851BBE5C}.Debug|Any CPU.ActiveCfg = Debug|Any CPU
		{14B69064-B67E-4FBA-AD55-972F851BBE5C}.Debug|Any CPU.Build.0 = Debug|Any CPU
		{14B69064-B67E-4FBA-AD55-972F851BBE5C}.Release|Any CPU.ActiveCfg = Release|Any CPU
		{14B69064-B67E-4FBA-AD55-972F851BBE5C}.Release|Any CPU.Build.0 = Release|Any CPU
		{441AC5F7-429E-4047-90DD-D2F0892EE21F}.Debug|Any CPU.ActiveCfg = Debug|Any CPU
		{441AC5F7-429E-4047-90DD-D2F0892EE21F}.Debug|Any CPU.Build.0 = Debug|Any CPU
		{441AC5F7-429E-4047-90DD-D2F0892EE21F}.Release|Any CPU.ActiveCfg = Release|Any CPU
		{441AC5F7-429E-4047-90DD-D2F0892EE21F}.Release|Any CPU.Build.0 = Release|Any CPU
	EndGlobalSection
	GlobalSection(SolutionProperties) = preSolution
		HideSolutionNode = FALSE
	EndGlobalSection
	GlobalSection(ExtensibilityGlobals) = postSolution
		SolutionGuid = {C5E13A6C-DD9F-4EC8-A250-BF1BDE246E6C}
	EndGlobalSection
EndGlobal
